
Microsoft Visual Studio Solution File, Format Version 12.00
# Visual Studio 15
VisualStudioVersion = 15.0.26124.0
MinimumVisualStudioVersion = 15.0.26124.0
Project("{FAE04EC0-301F-11D3-BF4B-00C04F79EFBC}") = "API", "API\API.csproj", "{5E6D32E4-5D75-4F3E-A205-3A55D9CF6056}"
EndProject
Project("{FAE04EC0-301F-11D3-BF4B-00C04F79EFBC}") = "Core", "Core\Core.csproj", "{371F7699-CAEA-422A-91DA-B2B748C73758}"
EndProject
Project("{FAE04EC0-301F-11D3-BF4B-00C04F79EFBC}") = "Infrastructure", "Infrastructure\Infrastructure.csproj", "{348F3AD2-13D7-41AB-BE82-CDEB3B5ABAF6}"
EndProject
Global
	GlobalSection(SolutionConfigurationPlatforms) = preSolution
		Debug|Any CPU = Debug|Any CPU
		Debug|x64 = Debug|x64
		Debug|x86 = Debug|x86
		Release|Any CPU = Release|Any CPU
		Release|x64 = Release|x64
		Release|x86 = Release|x86
	EndGlobalSection
	GlobalSection(SolutionProperties) = preSolution
		HideSolutionNode = FALSE
	EndGlobalSection
	GlobalSection(ProjectConfigurationPlatforms) = postSolution
		{5E6D32E4-5D75-4F3E-A205-3A55D9CF6056}.Debug|Any CPU.ActiveCfg = Debug|Any CPU
		{5E6D32E4-5D75-4F3E-A205-3A55D9CF6056}.Debug|Any CPU.Build.0 = Debug|Any CPU
		{5E6D32E4-5D75-4F3E-A205-3A55D9CF6056}.Debug|x64.ActiveCfg = Debug|Any CPU
		{5E6D32E4-5D75-4F3E-A205-3A55D9CF6056}.Debug|x64.Build.0 = Debug|Any CPU
		{5E6D32E4-5D75-4F3E-A205-3A55D9CF6056}.Debug|x86.ActiveCfg = Debug|Any CPU
		{5E6D32E4-5D75-4F3E-A205-3A55D9CF6056}.Debug|x86.Build.0 = Debug|Any CPU
		{5E6D32E4-5D75-4F3E-A205-3A55D9CF6056}.Release|Any CPU.ActiveCfg = Release|Any CPU
		{5E6D32E4-5D75-4F3E-A205-3A55D9CF6056}.Release|Any CPU.Build.0 = Release|Any CPU
		{5E6D32E4-5D75-4F3E-A205-3A55D9CF6056}.Release|x64.ActiveCfg = Release|Any CPU
		{5E6D32E4-5D75-4F3E-A205-3A55D9CF6056}.Release|x64.Build.0 = Release|Any CPU
		{5E6D32E4-5D75-4F3E-A205-3A55D9CF6056}.Release|x86.ActiveCfg = Release|Any CPU
		{5E6D32E4-5D75-4F3E-A205-3A55D9CF6056}.Release|x86.Build.0 = Release|Any CPU
		{371F7699-CAEA-422A-91DA-B2B748C73758}.Debug|Any CPU.ActiveCfg = Debug|Any CPU
		{371F7699-CAEA-422A-91DA-B2B748C73758}.Debug|Any CPU.Build.0 = Debug|Any CPU
		{371F7699-CAEA-422A-91DA-B2B748C73758}.Debug|x64.ActiveCfg = Debug|Any CPU
		{371F7699-CAEA-422A-91DA-B2B748C73758}.Debug|x64.Build.0 = Debug|Any CPU
		{371F7699-CAEA-422A-91DA-B2B748C73758}.Debug|x86.ActiveCfg = Debug|Any CPU
		{371F7699-CAEA-422A-91DA-B2B748C73758}.Debug|x86.Build.0 = Debug|Any CPU
		{371F7699-CAEA-422A-91DA-B2B748C73758}.Release|Any CPU.ActiveCfg = Release|Any CPU
		{371F7699-CAEA-422A-91DA-B2B748C73758}.Release|Any CPU.Build.0 = Release|Any CPU
		{371F7699-CAEA-422A-91DA-B2B748C73758}.Release|x64.ActiveCfg = Release|Any CPU
		{371F7699-CAEA-422A-91DA-B2B748C73758}.Release|x64.Build.0 = Release|Any CPU
		{371F7699-CAEA-422A-91DA-B2B748C73758}.Release|x86.ActiveCfg = Release|Any CPU
		{371F7699-CAEA-422A-91DA-B2B748C73758}.Release|x86.Build.0 = Release|Any CPU
		{348F3AD2-13D7-41AB-BE82-CDEB3B5ABAF6}.Debug|Any CPU.ActiveCfg = Debug|Any CPU
		{348F3AD2-13D7-41AB-BE82-CDEB3B5ABAF6}.Debug|Any CPU.Build.0 = Debug|Any CPU
		{348F3AD2-13D7-41AB-BE82-CDEB3B5ABAF6}.Debug|x64.ActiveCfg = Debug|Any CPU
		{348F3AD2-13D7-41AB-BE82-CDEB3B5ABAF6}.Debug|x64.Build.0 = Debug|Any CPU
		{348F3AD2-13D7-41AB-BE82-CDEB3B5ABAF6}.Debug|x86.ActiveCfg = Debug|Any CPU
		{348F3AD2-13D7-41AB-BE82-CDEB3B5ABAF6}.Debug|x86.Build.0 = Debug|Any CPU
		{348F3AD2-13D7-41AB-BE82-CDEB3B5ABAF6}.Release|Any CPU.ActiveCfg = Release|Any CPU
		{348F3AD2-13D7-41AB-BE82-CDEB3B5ABAF6}.Release|Any CPU.Build.0 = Release|Any CPU
		{348F3AD2-13D7-41AB-BE82-CDEB3B5ABAF6}.Release|x64.ActiveCfg = Release|Any CPU
		{348F3AD2-13D7-41AB-BE82-CDEB3B5ABAF6}.Release|x64.Build.0 = Release|Any CPU
		{348F3AD2-13D7-41AB-BE82-CDEB3B5ABAF6}.Release|x86.ActiveCfg = Release|Any CPU
		{348F3AD2-13D7-41AB-BE82-CDEB3B5ABAF6}.Release|x86.Build.0 = Release|Any CPU
	EndGlobalSection
EndGlobal
